
Microsoft Visual Studio Solution File, Format Version 12.00
# Visual Studio Version 16
VisualStudioVersion = 16.0.29209.62
MinimumVisualStudioVersion = 10.0.40219.1
Project("{FAE04EC0-301F-11D3-BF4B-00C04F79EFBC}") = "Cheney", "Cheney\Cheney.csproj", "{8F700942-7F01-42C0-82EA-741C964C5A65}"
EndProject
Global
	GlobalSection(SolutionConfigurationPlatforms) = preSolution
		Debug|Any CPU = Debug|Any CPU
		Release|Any CPU = Release|Any CPU
	EndGlobalSection
	GlobalSection(ProjectConfigurationPlatforms) = postSolution
		{8F700942-7F01-42C0-82EA-741C964C5A65}.Debug|Any CPU.ActiveCfg = Debug|Any CPU
		{8F700942-7F01-42C0-82EA-741C964C5A65}.Debug|Any CPU.Build.0 = Debug|Any CPU
		{8F700942-7F01-42C0-82EA-741C964C5A65}.Release|Any CPU.ActiveCfg = Release|Any CPU
		{8F700942-7F01-42C0-82EA-741C964C5A65}.Release|Any CPU.Build.0 = Release|Any CPU
	EndGlobalSection
	GlobalSection(SolutionProperties) = preSolution
		HideSolutionNode = FALSE
	EndGlobalSection
	GlobalSection(ExtensibilityGlobals) = postSolution
		SolutionGuid = {E13395AF-3F2A-4625-ADC1-4DB0835599EF}
	EndGlobalSection
EndGlobal
